
Microsoft Visual Studio Solution File, Format Version 12.00
# Visual Studio Version 16
VisualStudioVersion = 16.0.30907.101
MinimumVisualStudioVersion = 10.0.40219.1
Project("{9A19103F-16F7-4668-BE54-9A1E7A4F7556}") = "VideoApi", "VideoApi.csproj", "{20815218-C84B-4CBE-A1C6-88DBB26241DA}"
EndProject
Global
	GlobalSection(SolutionConfigurationPlatforms) = preSolution
		Debug|Any CPU = Debug|Any CPU
		Release|Any CPU = Release|Any CPU
	EndGlobalSection
	GlobalSection(ProjectConfigurationPlatforms) = postSolution
		{20815218-C84B-4CBE-A1C6-88DBB26241DA}.Debug|Any CPU.ActiveCfg = Debug|Any CPU
		{20815218-C84B-4CBE-A1C6-88DBB26241DA}.Debug|Any CPU.Build.0 = Debug|Any CPU
		{20815218-C84B-4CBE-A1C6-88DBB26241DA}.Release|Any CPU.ActiveCfg = Release|Any CPU
		{20815218-C84B-4CBE-A1C6-88DBB26241DA}.Release|Any CPU.Build.0 = Release|Any CPU
	EndGlobalSection
	GlobalSection(SolutionProperties) = preSolution
		HideSolutionNode = FALSE
	EndGlobalSection
	GlobalSection(ExtensibilityGlobals) = postSolution
		SolutionGuid = {FAF534A7-2F7A-41B6-B555-019D39163487}
	EndGlobalSection
EndGlobal
